{
  "nodes": {
    "nixpkgs": {
      "locked": {
        "lastModified": 1596966709,
        "narHash": "sha256-GVOSpghDCfjTiLc+H60wzsqO5ravqg8PT/iBe7h2vkc=",
        "owner": "NixOS",
        "repo": "nixpkgs",
        "rev": "96069f7d890b90cbf4e8b4b53e15b036210ac146",
        "type": "github"
      },
      "original": {
        "owner": "NixOS",
        "ref": "nixos-unstable",
        "repo": "nixpkgs",
        "type": "github"
      }
    },
    "root": {
      "inputs": {
        "nixpkgs": "nixpkgs"
      }
    }
  },
  "root": "root",
  "version": 7
}
