{
  "nodes": {
    "home-manager": {
      "inputs": {
        "nixpkgs": [
          "nixpkgs"
        ]
      },
      "locked": {
        "lastModified": 1601924802,
        "narHash": "sha256-J2QbHvIa2DcCs9OqRQ+SIrhsHAdVrb9gxlK3/VeVGFA=",
        "owner": "rycee",
        "repo": "home-manager",
        "rev": "0006da1381b87844c944fe8b925ec864ccf19348",
        "type": "github"
      },
      "original": {
        "owner": "rycee",
        "repo": "home-manager",
        "type": "github"
      }
    },
    "import-cargo": {
      "locked": {
        "lastModified": 1594305518,
        "narHash": "sha256-frtArgN42rSaEcEOYWg8sVPMUK+Zgch3c+wejcpX3DY=",
        "owner": "edolstra",
        "repo": "import-cargo",
        "rev": "25d40be4a73d40a2572e0cc233b83253554f06c5",
        "type": "github"
      },
      "original": {
        "owner": "edolstra",
        "repo": "import-cargo",
        "type": "github"
      }
    },
    "kak-lsp-src": {
      "flake": false,
      "locked": {
        "lastModified": 1601571519,
        "narHash": "sha256-UUZ14a+6RyQeG0ajeeBNQFV1BZrkdnFKAzPD/O5xHAI=",
        "owner": "ul",
        "repo": "kak-lsp",
        "rev": "354b46e3cf56f0da35b444941a701ca4c1135aa8",
        "type": "github"
      },
      "original": {
        "owner": "ul",
        "repo": "kak-lsp",
        "type": "github"
      }
    },
    "kakoune-src": {
      "flake": false,
      "locked": {
        "lastModified": 1601554583,
        "narHash": "sha256-tfnJSHXn4wJqE4XbeDOoDcOPYPz9q/sQ0ZwTMK2o03k=",
        "owner": "mawww",
        "repo": "kakoune",
        "rev": "9401a9fd2514559ec486aeef778251d355a86854",
        "type": "github"
      },
      "original": {
        "owner": "mawww",
        "repo": "kakoune",
        "type": "github"
      }
    },
    "nixpkgs": {
      "locked": {
        "lastModified": 1601171649,
        "narHash": "sha256-G3RUAi2DUq6r3ntASLS+LZC/Eamot55W1+xmBOgEh3M=",
        "owner": "NixOS",
        "repo": "nixpkgs",
        "rev": "84d74ae9c9cbed73274b8e4e00be14688ffc93fe",
        "type": "github"
      },
      "original": {
        "owner": "NixOS",
        "ref": "nixos-unstable",
        "repo": "nixpkgs",
        "type": "github"
      }
    },
    "root": {
      "inputs": {
        "home-manager": "home-manager",
        "import-cargo": "import-cargo",
        "kak-lsp-src": "kak-lsp-src",
        "kakoune-src": "kakoune-src",
        "nixpkgs": "nixpkgs"
      }
    }
  },
  "root": "root",
  "version": 7
}
