{
  "nodes": {
    "home-manager": {
      "inputs": {
        "nixpkgs": [
          "nixpkgs"
        ]
      },
      "locked": {
        "lastModified": 1603662906,
        "narHash": "sha256-d9Ww4Fa9WB00JLaqXN/cp41rVxF/MXGr3SbhMY5f11k=",
        "owner": "rycee",
        "repo": "home-manager",
        "rev": "28eb093a1e6999d52e60811008b4bfc7e20cc591",
        "type": "github"
      },
      "original": {
        "owner": "rycee",
        "repo": "home-manager",
        "type": "github"
      }
    },
    "import-cargo": {
      "locked": {
        "lastModified": 1594305518,
        "narHash": "sha256-frtArgN42rSaEcEOYWg8sVPMUK+Zgch3c+wejcpX3DY=",
        "owner": "edolstra",
        "repo": "import-cargo",
        "rev": "25d40be4a73d40a2572e0cc233b83253554f06c5",
        "type": "github"
      },
      "original": {
        "owner": "edolstra",
        "repo": "import-cargo",
        "type": "github"
      }
    },
    "kak-lsp-src": {
      "flake": false,
      "locked": {
        "lastModified": 1601571519,
        "narHash": "sha256-UUZ14a+6RyQeG0ajeeBNQFV1BZrkdnFKAzPD/O5xHAI=",
        "owner": "ul",
        "repo": "kak-lsp",
        "rev": "354b46e3cf56f0da35b444941a701ca4c1135aa8",
        "type": "github"
      },
      "original": {
        "owner": "ul",
        "repo": "kak-lsp",
        "type": "github"
      }
    },
    "kakoune-src": {
      "flake": false,
      "locked": {
        "lastModified": 1603790418,
        "narHash": "sha256-71TuUiA2fgdGsSDJWcVeU+b5Pbxyt3aLVIL/JwJZSKg=",
        "owner": "mawww",
        "repo": "kakoune",
        "rev": "90043e7df04359ec9ef629fa46fc6a524673be84",
        "type": "github"
      },
      "original": {
        "owner": "mawww",
        "repo": "kakoune",
        "type": "github"
      }
    },
    "nixpkgs": {
      "locked": {
        "lastModified": 1603758576,
        "narHash": "sha256-xKFmWVx+rFInBao3gtmvXcd0LjHD1+0c1Ef5PJDrbuM=",
        "owner": "NixOS",
        "repo": "nixpkgs",
        "rev": "1dc37370c489b610f8b91d7fdd40633163ffbafd",
        "type": "github"
      },
      "original": {
        "owner": "NixOS",
        "ref": "nixos-unstable",
        "repo": "nixpkgs",
        "type": "github"
      }
    },
    "root": {
      "inputs": {
        "home-manager": "home-manager",
        "import-cargo": "import-cargo",
        "kak-lsp-src": "kak-lsp-src",
        "kakoune-src": "kakoune-src",
        "nixpkgs": "nixpkgs"
      }
    }
  },
  "root": "root",
  "version": 7
}
